
Microsoft Visual Studio Solution File, Format Version 12.00
# Visual Studio Version 17
VisualStudioVersion = 17.9.34728.123
MinimumVisualStudioVersion = 10.0.40219.1
Project("{FAE04EC0-301F-11D3-BF4B-00C04F79EFBC}") = "97291_MinhQuang", "97291_MinhQuang\97291_MinhQuang.csproj", "{2704BC70-D08F-4E9E-9D3F-59B71CC6A511}"
EndProject
Global
	GlobalSection(SolutionConfigurationPlatforms) = preSolution
		Debug|Any CPU = Debug|Any CPU
		Release|Any CPU = Release|Any CPU
	EndGlobalSection
	GlobalSection(ProjectConfigurationPlatforms) = postSolution
		{2704BC70-D08F-4E9E-9D3F-59B71CC6A511}.Debug|Any CPU.ActiveCfg = Debug|Any CPU
		{2704BC70-D08F-4E9E-9D3F-59B71CC6A511}.Debug|Any CPU.Build.0 = Debug|Any CPU
		{2704BC70-D08F-4E9E-9D3F-59B71CC6A511}.Release|Any CPU.ActiveCfg = Release|Any CPU
		{2704BC70-D08F-4E9E-9D3F-59B71CC6A511}.Release|Any CPU.Build.0 = Release|Any CPU
	EndGlobalSection
	GlobalSection(SolutionProperties) = preSolution
		HideSolutionNode = FALSE
	EndGlobalSection
	GlobalSection(ExtensibilityGlobals) = postSolution
		SolutionGuid = {52362CB8-EA45-4543-8E0C-D5806020EB84}
	EndGlobalSection
EndGlobal
